dependencies:
  espressif/led_strip:
    component_hash: f0d1b7f93eb3ee57bcfd220656176b0b5616e1947f89ed44364555cf910c4840
    dependencies:
    - name: idf
      require: private
      version: '>=5.0'
    source:
      registry_url: https://components.espressif.com/
      type: service
    version: 3.0.2
  idf:
    source:
      type: idf
    version: 5.5.1
  protocol_examples_common:
    dependencies: []
    source:
      path: C:\Users\joelh\esp\v5.5\esp-idf\examples\common_components\protocol_examples_common
      type: local
    version: '*'
direct_dependencies:
- espressif/led_strip
- protocol_examples_common
manifest_hash: de779be06bfe7ef49a7d79ff06c830347cbc4da224d4c5f556d63dea84d3bc69
target: esp32c6
version: 2.0.0
